
Microsoft Visual Studio Solution File, Format Version 12.00
# Visual Studio Version 17
VisualStudioVersion = 17.11.35208.52
MinimumVisualStudioVersion = 10.0.40219.1
Project("{FAE04EC0-301F-11D3-BF4B-00C04F79EFBC}") = "baitap", "baitap\baitap.csproj", "{997AA9A8-EA51-4352-86E1-B2AB55EBB0A7}"
EndProject
Global
	GlobalSection(SolutionConfigurationPlatforms) = preSolution
		Debug|Any CPU = Debug|Any CPU
		Release|Any CPU = Release|Any CPU
	EndGlobalSection
	GlobalSection(ProjectConfigurationPlatforms) = postSolution
		{997AA9A8-EA51-4352-86E1-B2AB55EBB0A7}.Debug|Any CPU.ActiveCfg = Debug|Any CPU
		{997AA9A8-EA51-4352-86E1-B2AB55EBB0A7}.Debug|Any CPU.Build.0 = Debug|Any CPU
		{997AA9A8-EA51-4352-86E1-B2AB55EBB0A7}.Release|Any CPU.ActiveCfg = Release|Any CPU
		{997AA9A8-EA51-4352-86E1-B2AB55EBB0A7}.Release|Any CPU.Build.0 = Release|Any CPU
	EndGlobalSection
	GlobalSection(SolutionProperties) = preSolution
		HideSolutionNode = FALSE
	EndGlobalSection
	GlobalSection(ExtensibilityGlobals) = postSolution
		SolutionGuid = {F655E86B-654A-4F00-810F-078289CCFCA3}
	EndGlobalSection
EndGlobal
